// !$*UTF8*$!
{
	archiveVersion = 1;
	classes = {
	};
	objectVersion = 46;
	objects = {

/* Begin PBXBuildFile section */
		663CE51116C353E600A022AF /* CategoryCell.m in Sources */ = {isa = PBXBuildFile; fileRef = 663CE51016C353E600A022AF /* CategoryCell.m */; };
		663CE51B16C3565A00A022AF /* cell_background_bottom.png in Resources */ = {isa = PBXBuildFile; fileRef = 663CE51816C3565900A022AF /* cell_background_bottom.png */; };
		663CE51C16C3565A00A022AF /* cell_background_top.png in Resources */ = {isa = PBXBuildFile; fileRef = 663CE51916C3565900A022AF /* cell_background_top.png */; };
		663CE51D16C3565A00A022AF /* cell_background.png in Resources */ = {isa = PBXBuildFile; fileRef = 663CE51A16C3565A00A022AF /* cell_background.png */; };
		663CE52016C3688B00A022AF /* LoadViewController.m in Sources */ = {isa = PBXBuildFile; fileRef = 663CE51F16C3688B00A022AF /* LoadViewController.m */; };
		66AD1332167AB85B0020F1BC /* heart_logo.png in Resources */ = {isa = PBXBuildFile; fileRef = 66AD1331167AB85B0020F1BC /* heart_logo.png */; };
		66C3287D16D5F81B0030CD6D /* background.png in Resources */ = {isa = PBXBuildFile; fileRef = 66C3287C16D5F81B0030CD6D /* background.png */; };
		66C3288116D5F8830030CD6D /* MainViewController.m in Sources */ = {isa = PBXBuildFile; fileRef = 66C3288016D5F8830030CD6D /* MainViewController.m */; };
		66C3288316D5FC0E0030CD6D /* logo.png in Resources */ = {isa = PBXBuildFile; fileRef = 66C3288216D5FC0E0030CD6D /* logo.png */; };
		66E401B716C41C6A00CE578E /* CategoryCollectionViewController.m in Sources */ = {isa = PBXBuildFile; fileRef = 66E401B616C41C6A00CE578E /* CategoryCollectionViewController.m */; };
		66E401BB16C41D0D00CE578E /* CategoryCollectionCell.m in Sources */ = {isa = PBXBuildFile; fileRef = 66E401BA16C41D0D00CE578E /* CategoryCollectionCell.m */; };
		66EFA8BB1679A84F0005B087 /* background.png in Resources */ = {isa = PBXBuildFile; fileRef = 66EFA8BA1679A84F0005B087 /* background.png */; };
		8769F4B8166F1F3E0007EB00 /* Storage.m in Sources */ = {isa = PBXBuildFile; fileRef = 8769F4B7166F1F3E0007EB00 /* Storage.m */; };
		879F14601645E3660001815A /* CategoryQuestionsTableViewController.m in Sources */ = {isa = PBXBuildFile; fileRef = 879F145F1645E3660001815A /* CategoryQuestionsTableViewController.m */; };
		87A91196165DDFB7000C6FAF /* User.m in Sources */ = {isa = PBXBuildFile; fileRef = 87A91195165DDFB7000C6FAF /* User.m */; };
		87C89D30163CAF2900A39431 /* UIKit.framework in Frameworks */ = {isa = PBXBuildFile; fileRef = 87C89D2F163CAF2900A39431 /* UIKit.framework */; };
		87C89D32163CAF2900A39431 /* Foundation.framework in Frameworks */ = {isa = PBXBuildFile; fileRef = 87C89D31163CAF2900A39431 /* Foundation.framework */; };
		87C89D34163CAF2900A39431 /* CoreGraphics.framework in Frameworks */ = {isa = PBXBuildFile; fileRef = 87C89D33163CAF2900A39431 /* CoreGraphics.framework */; };
		87C89D3A163CAF2900A39431 /* InfoPlist.strings in Resources */ = {isa = PBXBuildFile; fileRef = 87C89D38163CAF2900A39431 /* InfoPlist.strings */; };
		87C89D3C163CAF2900A39431 /* main.m in Sources */ = {isa = PBXBuildFile; fileRef = 87C89D3B163CAF2900A39431 /* main.m */; };
		87C89D40163CAF2900A39431 /* AppDelegate.m in Sources */ = {isa = PBXBuildFile; fileRef = 87C89D3F163CAF2900A39431 /* AppDelegate.m */; };
		87C89D42163CAF2900A39431 /* Default.png in Resources */ = {isa = PBXBuildFile; fileRef = 87C89D41163CAF2900A39431 /* Default.png */; };
		87C89D44163CAF2900A39431 /* Default@2x.png in Resources */ = {isa = PBXBuildFile; fileRef = 87C89D43163CAF2900A39431 /* Default@2x.png */; };
		87C89D46163CAF2900A39431 /* Default-568h@2x.png in Resources */ = {isa = PBXBuildFile; fileRef = 87C89D45163CAF2900A39431 /* Default-568h@2x.png */; };
		87C89D49163CAF2900A39431 /* MainStoryboard.storyboard in Resources */ = {isa = PBXBuildFile; fileRef = 87C89D47163CAF2900A39431 /* MainStoryboard.storyboard */; };
		87C89D4C163CAF2900A39431 /* ViewController.m in Sources */ = {isa = PBXBuildFile; fileRef = 87C89D4B163CAF2900A39431 /* ViewController.m */; };
		87C89D53163CB0C800A39431 /* FacebookSDK.framework in Frameworks */ = {isa = PBXBuildFile; fileRef = 87C89D52163CB0C800A39431 /* FacebookSDK.framework */; };
		87C89D55163CB12F00A39431 /* FacebookSDKResources.bundle in Resources */ = {isa = PBXBuildFile; fileRef = 87C89D54163CB12F00A39431 /* FacebookSDKResources.bundle */; };
		87C89D59163CB34500A39431 /* Accounts.framework in Frameworks */ = {isa = PBXBuildFile; fileRef = 87C89D56163CB34500A39431 /* Accounts.framework */; };
		87C89D5A163CB34500A39431 /* AdSupport.framework in Frameworks */ = {isa = PBXBuildFile; fileRef = 87C89D57163CB34500A39431 /* AdSupport.framework */; };
		87C89D5B163CB34500A39431 /* Social.framework in Frameworks */ = {isa = PBXBuildFile; fileRef = 87C89D58163CB34500A39431 /* Social.framework */; };
		87C89D5F163CB90600A39431 /* Facebook.m in Sources */ = {isa = PBXBuildFile; fileRef = 87C89D5E163CB90600A39431 /* Facebook.m */; };
		87D44E3E16799970001AB221 /* Icon-72.png in Resources */ = {isa = PBXBuildFile; fileRef = 87D44E3D16799970001AB221 /* Icon-72.png */; };
		87F2362C1679A06900A5B185 /* QuestionCell.m in Sources */ = {isa = PBXBuildFile; fileRef = 87F2362B1679A06900A5B185 /* QuestionCell.m */; };
		B198504B1642473900DE9035 /* CategoryTableViewController.m in Sources */ = {isa = PBXBuildFile; fileRef = B198504A1642473900DE9035 /* CategoryTableViewController.m */; };
		B19FF0FB163F7A830055A42A /* Parse.framework in Frameworks */ = {isa = PBXBuildFile; fileRef = B19FF0FA163F7A830055A42A /* Parse.framework */; };
		B19FF0FE163F7AFA0055A42A /* AudioToolbox.framework in Frameworks */ = {isa = PBXBuildFile; fileRef = B19FF0FD163F7AFA0055A42A /* AudioToolbox.framework */; };
		B19FF100163F7B1C0055A42A /* CFNetwork.framework in Frameworks */ = {isa = PBXBuildFile; fileRef = B19FF0FF163F7B1C0055A42A /* CFNetwork.framework */; };
		B19FF102163F7B290055A42A /* CoreLocation.framework in Frameworks */ = {isa = PBXBuildFile; fileRef = B19FF101163F7B290055A42A /* CoreLocation.framework */; };
		B19FF108163F7B530055A42A /* SystemConfiguration.framework in Frameworks */ = {isa = PBXBuildFile; fileRef = B19FF107163F7B530055A42A /* SystemConfiguration.framework */; };
		B19FF10A163F7B570055A42A /* StoreKit.framework in Frameworks */ = {isa = PBXBuildFile; fileRef = B19FF109163F7B570055A42A /* StoreKit.framework */; };
		B19FF10C163F7B640055A42A /* Security.framework in Frameworks */ = {isa = PBXBuildFile; fileRef = B19FF10B163F7B640055A42A /* Security.framework */; };
		B19FF10E163F7B6F0055A42A /* QuartzCore.framework in Frameworks */ = {isa = PBXBuildFile; fileRef = B19FF10D163F7B6F0055A42A /* QuartzCore.framework */; };
		B19FF110163F7B790055A42A /* MobileCoreServices.framework in Frameworks */ = {isa = PBXBuildFile; fileRef = B19FF10F163F7B790055A42A /* MobileCoreServices.framework */; };
		B1A838EF1647D79700764CC4 /* splashScreen.png in Resources */ = {isa = PBXBuildFile; fileRef = B1A838EE1647D79700764CC4 /* splashScreen.png */; };
		B1AFDFC8164751BF0068A0E0 /* QuestionDetailViewController.m in Sources */ = {isa = PBXBuildFile; fileRef = B1AFDFC7164751BF0068A0E0 /* QuestionDetailViewController.m */; };
/* End PBXBuildFile section */

/* Begin PBXFileReference section */
		663CE50F16C353E600A022AF /* CategoryCell.h */ = {isa = PBXFileReference; fileEncoding = 4; lastKnownFileType = sourcecode.c.h; path = CategoryCell.h; sourceTree = "<group>"; };
		663CE51016C353E600A022AF /* CategoryCell.m */ = {isa = PBXFileReference; fileEncoding = 4; lastKnownFileType = sourcecode.c.objc; path = CategoryCell.m; sourceTree = "<group>"; };
		663CE51816C3565900A022AF /* cell_background_bottom.png */ = {isa = PBXFileReference; lastKnownFileType = image.png; name = cell_background_bottom.png; path = Questions/cell_background_bottom.png; sourceTree = SOURCE_ROOT; };
		663CE51916C3565900A022AF /* cell_background_top.png */ = {isa = PBXFileReference; lastKnownFileType = image.png; name = cell_background_top.png; path = Questions/cell_background_top.png; sourceTree = SOURCE_ROOT; };
		663CE51A16C3565A00A022AF /* cell_background.png */ = {isa = PBXFileReference; lastKnownFileType = image.png; name = cell_background.png; path = Questions/cell_background.png; sourceTree = SOURCE_ROOT; };
		663CE51E16C3688B00A022AF /* LoadViewController.h */ = {isa = PBXFileReference; fileEncoding = 4; lastKnownFileType = sourcecode.c.h; path = LoadViewController.h; sourceTree = "<group>"; };
		663CE51F16C3688B00A022AF /* LoadViewController.m */ = {isa = PBXFileReference; fileEncoding = 4; lastKnownFileType = sourcecode.c.objc; path = LoadViewController.m; sourceTree = "<group>"; };
		66AD1331167AB85B0020F1BC /* heart_logo.png */ = {isa = PBXFileReference; lastKnownFileType = image.png; name = heart_logo.png; path = Questions/heart_logo.png; sourceTree = SOURCE_ROOT; };
		66C3287C16D5F81B0030CD6D /* background.png */ = {isa = PBXFileReference; lastKnownFileType = image.png; name = background.png; path = Questions/Images/background.png; sourceTree = SOURCE_ROOT; };
		66C3287F16D5F8830030CD6D /* MainViewController.h */ = {isa = PBXFileReference; fileEncoding = 4; lastKnownFileType = sourcecode.c.h; path = MainViewController.h; sourceTree = "<group>"; };
		66C3288016D5F8830030CD6D /* MainViewController.m */ = {isa = PBXFileReference; fileEncoding = 4; lastKnownFileType = sourcecode.c.objc; path = MainViewController.m; sourceTree = "<group>"; };
		66C3288216D5FC0E0030CD6D /* logo.png */ = {isa = PBXFileReference; lastKnownFileType = image.png; name = logo.png; path = Questions/logo.png; sourceTree = SOURCE_ROOT; };
		66E401B516C41C6A00CE578E /* CategoryCollectionViewController.h */ = {isa = PBXFileReference; fileEncoding = 4; lastKnownFileType = sourcecode.c.h; path = CategoryCollectionViewController.h; sourceTree = "<group>"; };
		66E401B616C41C6A00CE578E /* CategoryCollectionViewController.m */ = {isa = PBXFileReference; fileEncoding = 4; lastKnownFileType = sourcecode.c.objc; path = CategoryCollectionViewController.m; sourceTree = "<group>"; };
		66E401B916C41D0D00CE578E /* CategoryCollectionCell.h */ = {isa = PBXFileReference; fileEncoding = 4; lastKnownFileType = sourcecode.c.h; path = CategoryCollectionCell.h; sourceTree = "<group>"; };
		66E401BA16C41D0D00CE578E /* CategoryCollectionCell.m */ = {isa = PBXFileReference; fileEncoding = 4; lastKnownFileType = sourcecode.c.objc; path = CategoryCollectionCell.m; sourceTree = "<group>"; };
		66EFA8BA1679A84F0005B087 /* background.png */ = {isa = PBXFileReference; lastKnownFileType = image.png; name = background.png; path = Questions/background.png; sourceTree = SOURCE_ROOT; };
		8769F4B6166F1F3E0007EB00 /* Storage.h */ = {isa = PBXFileReference; fileEncoding = 4; lastKnownFileType = sourcecode.c.h; path = Storage.h; sourceTree = "<group>"; };
		8769F4B7166F1F3E0007EB00 /* Storage.m */ = {isa = PBXFileReference; fileEncoding = 4; lastKnownFileType = sourcecode.c.objc; path = Storage.m; sourceTree = "<group>"; };
		879F145E1645E3660001815A /* CategoryQuestionsTableViewController.h */ = {isa = PBXFileReference; fileEncoding = 4; lastKnownFileType = sourcecode.c.h; path = CategoryQuestionsTableViewController.h; sourceTree = "<group>"; };
		879F145F1645E3660001815A /* CategoryQuestionsTableViewController.m */ = {isa = PBXFileReference; fileEncoding = 4; lastKnownFileType = sourcecode.c.objc; path = CategoryQuestionsTableViewController.m; sourceTree = "<group>"; };
		87A91194165DDFB7000C6FAF /* User.h */ = {isa = PBXFileReference; fileEncoding = 4; lastKnownFileType = sourcecode.c.h; path = User.h; sourceTree = "<group>"; };
		87A91195165DDFB7000C6FAF /* User.m */ = {isa = PBXFileReference; fileEncoding = 4; lastKnownFileType = sourcecode.c.objc; path = User.m; sourceTree = "<group>"; };
		87C89D2B163CAF2900A39431 /* Questions.app */ = {isa = PBXFileReference; explicitFileType = wrapper.application; includeInIndex = 0; path = Questions.app; sourceTree = BUILT_PRODUCTS_DIR; };
		87C89D2F163CAF2900A39431 /* UIKit.framework */ = {isa = PBXFileReference; lastKnownFileType = wrapper.framework; name = UIKit.framework; path = System/Library/Frameworks/UIKit.framework; sourceTree = SDKROOT; };
		87C89D31163CAF2900A39431 /* Foundation.framework */ = {isa = PBXFileReference; lastKnownFileType = wrapper.framework; name = Foundation.framework; path = System/Library/Frameworks/Foundation.framework; sourceTree = SDKROOT; };
		87C89D33163CAF2900A39431 /* CoreGraphics.framework */ = {isa = PBXFileReference; lastKnownFileType = wrapper.framework; name = CoreGraphics.framework; path = System/Library/Frameworks/CoreGraphics.framework; sourceTree = SDKROOT; };
		87C89D37163CAF2900A39431 /* Questions-Info.plist */ = {isa = PBXFileReference; lastKnownFileType = text.plist.xml; path = "Questions-Info.plist"; sourceTree = "<group>"; };
		87C89D39163CAF2900A39431 /* en */ = {isa = PBXFileReference; lastKnownFileType = text.plist.strings; name = en; path = en.lproj/InfoPlist.strings; sourceTree = "<group>"; };
		87C89D3B163CAF2900A39431 /* main.m */ = {isa = PBXFileReference; lastKnownFileType = sourcecode.c.objc; path = main.m; sourceTree = "<group>"; };
		87C89D3D163CAF2900A39431 /* Questions-Prefix.pch */ = {isa = PBXFileReference; lastKnownFileType = sourcecode.c.h; path = "Questions-Prefix.pch"; sourceTree = "<group>"; };
		87C89D3E163CAF2900A39431 /* AppDelegate.h */ = {isa = PBXFileReference; lastKnownFileType = sourcecode.c.h; path = AppDelegate.h; sourceTree = "<group>"; };
		87C89D3F163CAF2900A39431 /* AppDelegate.m */ = {isa = PBXFileReference; lastKnownFileType = sourcecode.c.objc; path = AppDelegate.m; sourceTree = "<group>"; };
		87C89D41163CAF2900A39431 /* Default.png */ = {isa = PBXFileReference; lastKnownFileType = image.png; path = Default.png; sourceTree = "<group>"; };
		87C89D43163CAF2900A39431 /* Default@2x.png */ = {isa = PBXFileReference; lastKnownFileType = image.png; path = "Default@2x.png"; sourceTree = "<group>"; };
		87C89D45163CAF2900A39431 /* Default-568h@2x.png */ = {isa = PBXFileReference; lastKnownFileType = image.png; path = "Default-568h@2x.png"; sourceTree = "<group>"; };
		87C89D48163CAF2900A39431 /* en */ = {isa = PBXFileReference; lastKnownFileType = file.storyboard; name = en; path = en.lproj/MainStoryboard.storyboard; sourceTree = "<group>"; };
		87C89D4A163CAF2900A39431 /* ViewController.h */ = {isa = PBXFileReference; lastKnownFileType = sourcecode.c.h; path = ViewController.h; sourceTree = "<group>"; };
		87C89D4B163CAF2900A39431 /* ViewController.m */ = {isa = PBXFileReference; lastKnownFileType = sourcecode.c.objc; path = ViewController.m; sourceTree = "<group>"; };
		87C89D52163CB0C800A39431 /* FacebookSDK.framework */ = {isa = PBXFileReference; lastKnownFileType = wrapper.framework; path = FacebookSDK.framework; sourceTree = "<group>"; };
		87C89D54163CB12F00A39431 /* FacebookSDKResources.bundle */ = {isa = PBXFileReference; lastKnownFileType = "wrapper.plug-in"; name = FacebookSDKResources.bundle; path = FacebookSDK.framework/Versions/A/Resources/FacebookSDKResources.bundle; sourceTree = "<group>"; };
		87C89D56163CB34500A39431 /* Accounts.framework */ = {isa = PBXFileReference; lastKnownFileType = wrapper.framework; name = Accounts.framework; path = System/Library/Frameworks/Accounts.framework; sourceTree = SDKROOT; };
		87C89D57163CB34500A39431 /* AdSupport.framework */ = {isa = PBXFileReference; lastKnownFileType = wrapper.framework; name = AdSupport.framework; path = System/Library/Frameworks/AdSupport.framework; sourceTree = SDKROOT; };
		87C89D58163CB34500A39431 /* Social.framework */ = {isa = PBXFileReference; lastKnownFileType = wrapper.framework; name = Social.framework; path = System/Library/Frameworks/Social.framework; sourceTree = SDKROOT; };
		87C89D5D163CB90600A39431 /* Facebook.h */ = {isa = PBXFileReference; fileEncoding = 4; lastKnownFileType = sourcecode.c.h; path = Facebook.h; sourceTree = "<group>"; };
		87C89D5E163CB90600A39431 /* Facebook.m */ = {isa = PBXFileReference; fileEncoding = 4; lastKnownFileType = sourcecode.c.objc; path = Facebook.m; sourceTree = "<group>"; };
		87D44E3D16799970001AB221 /* Icon-72.png */ = {isa = PBXFileReference; lastKnownFileType = image.png; path = "Icon-72.png"; sourceTree = SOURCE_ROOT; };
		87F2362A1679A06900A5B185 /* QuestionCell.h */ = {isa = PBXFileReference; fileEncoding = 4; lastKnownFileType = sourcecode.c.h; path = QuestionCell.h; sourceTree = "<group>"; };
		87F2362B1679A06900A5B185 /* QuestionCell.m */ = {isa = PBXFileReference; fileEncoding = 4; lastKnownFileType = sourcecode.c.objc; path = QuestionCell.m; sourceTree = "<group>"; };
		B19850491642473900DE9035 /* CategoryTableViewController.h */ = {isa = PBXFileReference; fileEncoding = 4; lastKnownFileType = sourcecode.c.h; path = CategoryTableViewController.h; sourceTree = "<group>"; };
		B198504A1642473900DE9035 /* CategoryTableViewController.m */ = {isa = PBXFileReference; fileEncoding = 4; lastKnownFileType = sourcecode.c.objc; path = CategoryTableViewController.m; sourceTree = "<group>"; };
		B19FF0FA163F7A830055A42A /* Parse.framework */ = {isa = PBXFileReference; lastKnownFileType = wrapper.framework; path = Parse.framework; sourceTree = "<group>"; };
		B19FF0FD163F7AFA0055A42A /* AudioToolbox.framework */ = {isa = PBXFileReference; lastKnownFileType = wrapper.framework; name = AudioToolbox.framework; path = System/Library/Frameworks/AudioToolbox.framework; sourceTree = SDKROOT; };
		B19FF0FF163F7B1C0055A42A /* CFNetwork.framework */ = {isa = PBXFileReference; lastKnownFileType = wrapper.framework; name = CFNetwork.framework; path = System/Library/Frameworks/CFNetwork.framework; sourceTree = SDKROOT; };
		B19FF101163F7B290055A42A /* CoreLocation.framework */ = {isa = PBXFileReference; lastKnownFileType = wrapper.framework; name = CoreLocation.framework; path = System/Library/Frameworks/CoreLocation.framework; sourceTree = SDKROOT; };
		B19FF107163F7B530055A42A /* SystemConfiguration.framework */ = {isa = PBXFileReference; lastKnownFileType = wrapper.framework; name = SystemConfiguration.framework; path = System/Library/Frameworks/SystemConfiguration.framework; sourceTree = SDKROOT; };
		B19FF109163F7B570055A42A /* StoreKit.framework */ = {isa = PBXFileReference; lastKnownFileType = wrapper.framework; name = StoreKit.framework; path = System/Library/Frameworks/StoreKit.framework; sourceTree = SDKROOT; };
		B19FF10B163F7B640055A42A /* Security.framework */ = {isa = PBXFileReference; lastKnownFileType = wrapper.framework; name = Security.framework; path = System/Library/Frameworks/Security.framework; sourceTree = SDKROOT; };
		B19FF10D163F7B6F0055A42A /* QuartzCore.framework */ = {isa = PBXFileReference; lastKnownFileType = wrapper.framework; name = QuartzCore.framework; path = System/Library/Frameworks/QuartzCore.framework; sourceTree = SDKROOT; };
		B19FF10F163F7B790055A42A /* MobileCoreServices.framework */ = {isa = PBXFileReference; lastKnownFileType = wrapper.framework; name = MobileCoreServices.framework; path = System/Library/Frameworks/MobileCoreServices.framework; sourceTree = SDKROOT; };
		B1A838EE1647D79700764CC4 /* splashScreen.png */ = {isa = PBXFileReference; lastKnownFileType = image.png; path = splashScreen.png; sourceTree = "<group>"; };
		B1AFDFC6164751BF0068A0E0 /* QuestionDetailViewController.h */ = {isa = PBXFileReference; fileEncoding = 4; lastKnownFileType = sourcecode.c.h; path = QuestionDetailViewController.h; sourceTree = "<group>"; };
		B1AFDFC7164751BF0068A0E0 /* QuestionDetailViewController.m */ = {isa = PBXFileReference; fileEncoding = 4; lastKnownFileType = sourcecode.c.objc; path = QuestionDetailViewController.m; sourceTree = "<group>"; };
/* End PBXFileReference section */

/* Begin PBXFrameworksBuildPhase section */
		87C89D28163CAF2900A39431 /* Frameworks */ = {
			isa = PBXFrameworksBuildPhase;
			buildActionMask = 2147483647;
			files = (
				B19FF110163F7B790055A42A /* MobileCoreServices.framework in Frameworks */,
				B19FF10E163F7B6F0055A42A /* QuartzCore.framework in Frameworks */,
				B19FF10C163F7B640055A42A /* Security.framework in Frameworks */,
				87C89D5B163CB34500A39431 /* Social.framework in Frameworks */,
				B19FF10A163F7B570055A42A /* StoreKit.framework in Frameworks */,
				B19FF108163F7B530055A42A /* SystemConfiguration.framework in Frameworks */,
				B19FF102163F7B290055A42A /* CoreLocation.framework in Frameworks */,
				87C89D34163CAF2900A39431 /* CoreGraphics.framework in Frameworks */,
				B19FF100163F7B1C0055A42A /* CFNetwork.framework in Frameworks */,
				87C89D5A163CB34500A39431 /* AdSupport.framework in Frameworks */,
				87C89D59163CB34500A39431 /* Accounts.framework in Frameworks */,
				B19FF0FE163F7AFA0055A42A /* AudioToolbox.framework in Frameworks */,
				87C89D30163CAF2900A39431 /* UIKit.framework in Frameworks */,
				87C89D32163CAF2900A39431 /* Foundation.framework in Frameworks */,
				87C89D53163CB0C800A39431 /* FacebookSDK.framework in Frameworks */,
				B19FF0FB163F7A830055A42A /* Parse.framework in Frameworks */,
			);
			runOnlyForDeploymentPostprocessing = 0;
		};
/* End PBXFrameworksBuildPhase section */

/* Begin PBXGroup section */
		87A91193165DDF95000C6FAF /* Models */ = {
			isa = PBXGroup;
			children = (
				87C89D5D163CB90600A39431 /* Facebook.h */,
				87C89D5E163CB90600A39431 /* Facebook.m */,
				87A91194165DDFB7000C6FAF /* User.h */,
				87A91195165DDFB7000C6FAF /* User.m */,
				8769F4B6166F1F3E0007EB00 /* Storage.h */,
				8769F4B7166F1F3E0007EB00 /* Storage.m */,
			);
			name = Models;
			sourceTree = "<group>";
		};
		87A91197165DF6B6000C6FAF /* Resources */ = {
			isa = PBXGroup;
			children = (
				66C3288216D5FC0E0030CD6D /* logo.png */,
				66C3287C16D5F81B0030CD6D /* background.png */,
				663CE51816C3565900A022AF /* cell_background_bottom.png */,
				663CE51916C3565900A022AF /* cell_background_top.png */,
				663CE51A16C3565A00A022AF /* cell_background.png */,
				66AD1331167AB85B0020F1BC /* heart_logo.png */,
				66EFA8BA1679A84F0005B087 /* background.png */,
				87D44E3D16799970001AB221 /* Icon-72.png */,
			);
			path = Resources;
			sourceTree = "<group>";
		};
		87C89D20163CAF2900A39431 = {
			isa = PBXGroup;
			children = (
				87C89D35163CAF2900A39431 /* Questions */,
				87C89D2E163CAF2900A39431 /* Frameworks */,
				87C89D2C163CAF2900A39431 /* Products */,
			);
			sourceTree = "<group>";
		};
		87C89D2C163CAF2900A39431 /* Products */ = {
			isa = PBXGroup;
			children = (
				87C89D2B163CAF2900A39431 /* Questions.app */,
			);
			name = Products;
			sourceTree = "<group>";
		};
		87C89D2E163CAF2900A39431 /* Frameworks */ = {
			isa = PBXGroup;
			children = (
				B19FF10F163F7B790055A42A /* MobileCoreServices.framework */,
				B19FF10D163F7B6F0055A42A /* QuartzCore.framework */,
				B19FF10B163F7B640055A42A /* Security.framework */,
				B19FF109163F7B570055A42A /* StoreKit.framework */,
				B19FF107163F7B530055A42A /* SystemConfiguration.framework */,
				B19FF101163F7B290055A42A /* CoreLocation.framework */,
				B19FF0FF163F7B1C0055A42A /* CFNetwork.framework */,
				B19FF0FD163F7AFA0055A42A /* AudioToolbox.framework */,
				B19FF0FA163F7A830055A42A /* Parse.framework */,
				87C89D56163CB34500A39431 /* Accounts.framework */,
				87C89D57163CB34500A39431 /* AdSupport.framework */,
				87C89D58163CB34500A39431 /* Social.framework */,
				87C89D54163CB12F00A39431 /* FacebookSDKResources.bundle */,
				87C89D52163CB0C800A39431 /* FacebookSDK.framework */,
				87C89D2F163CAF2900A39431 /* UIKit.framework */,
				87C89D31163CAF2900A39431 /* Foundation.framework */,
				87C89D33163CAF2900A39431 /* CoreGraphics.framework */,
			);
			name = Frameworks;
			sourceTree = "<group>";
		};
		87C89D35163CAF2900A39431 /* Questions */ = {
			isa = PBXGroup;
			children = (
				87C89D47163CAF2900A39431 /* MainStoryboard.storyboard */,
				87A91197165DF6B6000C6FAF /* Resources */,
				87A91193165DDF95000C6FAF /* Models */,
				87C89D3E163CAF2900A39431 /* AppDelegate.h */,
				87C89D3F163CAF2900A39431 /* AppDelegate.m */,
				87C89D4A163CAF2900A39431 /* ViewController.h */,
				87C89D4B163CAF2900A39431 /* ViewController.m */,
				B19850491642473900DE9035 /* CategoryTableViewController.h */,
				B198504A1642473900DE9035 /* CategoryTableViewController.m */,
				879F145E1645E3660001815A /* CategoryQuestionsTableViewController.h */,
				879F145F1645E3660001815A /* CategoryQuestionsTableViewController.m */,
				B1AFDFC6164751BF0068A0E0 /* QuestionDetailViewController.h */,
				B1AFDFC7164751BF0068A0E0 /* QuestionDetailViewController.m */,
				87F2362A1679A06900A5B185 /* QuestionCell.h */,
				87F2362B1679A06900A5B185 /* QuestionCell.m */,
				87C89D36163CAF2900A39431 /* Supporting Files */,
				663CE50F16C353E600A022AF /* CategoryCell.h */,
				663CE51016C353E600A022AF /* CategoryCell.m */,
				663CE51E16C3688B00A022AF /* LoadViewController.h */,
				663CE51F16C3688B00A022AF /* LoadViewController.m */,
				66E401B516C41C6A00CE578E /* CategoryCollectionViewController.h */,
				66E401B616C41C6A00CE578E /* CategoryCollectionViewController.m */,
				66E401B916C41D0D00CE578E /* CategoryCollectionCell.h */,
				66E401BA16C41D0D00CE578E /* CategoryCollectionCell.m */,
				66C3287F16D5F8830030CD6D /* MainViewController.h */,
				66C3288016D5F8830030CD6D /* MainViewController.m */,
			);
			path = Questions;
			sourceTree = "<group>";
		};
		87C89D36163CAF2900A39431 /* Supporting Files */ = {
			isa = PBXGroup;
			children = (
				B1A838EE1647D79700764CC4 /* splashScreen.png */,
				87C89D37163CAF2900A39431 /* Questions-Info.plist */,
				87C89D38163CAF2900A39431 /* InfoPlist.strings */,
				87C89D3B163CAF2900A39431 /* main.m */,
				87C89D3D163CAF2900A39431 /* Questions-Prefix.pch */,
				87C89D41163CAF2900A39431 /* Default.png */,
				87C89D43163CAF2900A39431 /* Default@2x.png */,
				87C89D45163CAF2900A39431 /* Default-568h@2x.png */,
			);
			name = "Supporting Files";
			sourceTree = "<group>";
		};
/* End PBXGroup section */

/* Begin PBXNativeTarget section */
		87C89D2A163CAF2900A39431 /* Questions */ = {
			isa = PBXNativeTarget;
			buildConfigurationList = 87C89D4F163CAF2900A39431 /* Build configuration list for PBXNativeTarget "Questions" */;
			buildPhases = (
				87C89D27163CAF2900A39431 /* Sources */,
				87C89D28163CAF2900A39431 /* Frameworks */,
				87C89D29163CAF2900A39431 /* Resources */,
			);
			buildRules = (
			);
			dependencies = (
			);
			name = Questions;
			productName = Questions;
			productReference = 87C89D2B163CAF2900A39431 /* Questions.app */;
			productType = "com.apple.product-type.application";
		};
/* End PBXNativeTarget section */

/* Begin PBXProject section */
		87C89D22163CAF2900A39431 /* Project object */ = {
			isa = PBXProject;
			attributes = {
				LastUpgradeCheck = 0450;
				ORGANIZATIONNAME = FJ;
			};
			buildConfigurationList = 87C89D25163CAF2900A39431 /* Build configuration list for PBXProject "Questions" */;
			compatibilityVersion = "Xcode 3.2";
			developmentRegion = English;
			hasScannedForEncodings = 0;
			knownRegions = (
				en,
			);
			mainGroup = 87C89D20163CAF2900A39431;
			productRefGroup = 87C89D2C163CAF2900A39431 /* Products */;
			projectDirPath = "";
			projectRoot = "";
			targets = (
				87C89D2A163CAF2900A39431 /* Questions */,
			);
		};
/* End PBXProject section */

/* Begin PBXResourcesBuildPhase section */
		87C89D29163CAF2900A39431 /* Resources */ = {
			isa = PBXResourcesBuildPhase;
			buildActionMask = 2147483647;
			files = (
				87C89D3A163CAF2900A39431 /* InfoPlist.strings in Resources */,
				87C89D42163CAF2900A39431 /* Default.png in Resources */,
				87C89D44163CAF2900A39431 /* Default@2x.png in Resources */,
				87C89D46163CAF2900A39431 /* Default-568h@2x.png in Resources */,
				87C89D49163CAF2900A39431 /* MainStoryboard.storyboard in Resources */,
				87C89D55163CB12F00A39431 /* FacebookSDKResources.bundle in Resources */,
				B1A838EF1647D79700764CC4 /* splashScreen.png in Resources */,
				87D44E3E16799970001AB221 /* Icon-72.png in Resources */,
				66EFA8BB1679A84F0005B087 /* background.png in Resources */,
				66AD1332167AB85B0020F1BC /* heart_logo.png in Resources */,
				663CE51B16C3565A00A022AF /* cell_background_bottom.png in Resources */,
				663CE51C16C3565A00A022AF /* cell_background_top.png in Resources */,
				663CE51D16C3565A00A022AF /* cell_background.png in Resources */,
				66C3287D16D5F81B0030CD6D /* background.png in Resources */,
				66C3288316D5FC0E0030CD6D /* logo.png in Resources */,
			);
			runOnlyForDeploymentPostprocessing = 0;
		};
/* End PBXResourcesBuildPhase section */

/* Begin PBXSourcesBuildPhase section */
		87C89D27163CAF2900A39431 /* Sources */ = {
			isa = PBXSourcesBuildPhase;
			buildActionMask = 2147483647;
			files = (
				87C89D3C163CAF2900A39431 /* main.m in Sources */,
				87C89D40163CAF2900A39431 /* AppDelegate.m in Sources */,
				87C89D4C163CAF2900A39431 /* ViewController.m in Sources */,
				87C89D5F163CB90600A39431 /* Facebook.m in Sources */,
				B198504B1642473900DE9035 /* CategoryTableViewController.m in Sources */,
				879F14601645E3660001815A /* CategoryQuestionsTableViewController.m in Sources */,
				B1AFDFC8164751BF0068A0E0 /* QuestionDetailViewController.m in Sources */,
				87A91196165DDFB7000C6FAF /* User.m in Sources */,
				8769F4B8166F1F3E0007EB00 /* Storage.m in Sources */,
				87F2362C1679A06900A5B185 /* QuestionCell.m in Sources */,
				663CE51116C353E600A022AF /* CategoryCell.m in Sources */,
				663CE52016C3688B00A022AF /* LoadViewController.m in Sources */,
				66E401B716C41C6A00CE578E /* CategoryCollectionViewController.m in Sources */,
				66E401BB16C41D0D00CE578E /* CategoryCollectionCell.m in Sources */,
				66C3288116D5F8830030CD6D /* MainViewController.m in Sources */,
			);
			runOnlyForDeploymentPostprocessing = 0;
		};
/* End PBXSourcesBuildPhase section */

/* Begin PBXVariantGroup section */
		87C89D38163CAF2900A39431 /* InfoPlist.strings */ = {
			isa = PBXVariantGroup;
			children = (
				87C89D39163CAF2900A39431 /* en */,
			);
			name = InfoPlist.strings;
			sourceTree = "<group>";
		};
		87C89D47163CAF2900A39431 /* MainStoryboard.storyboard */ = {
			isa = PBXVariantGroup;
			children = (
				87C89D48163CAF2900A39431 /* en */,
			);
			name = MainStoryboard.storyboard;
			sourceTree = "<group>";
		};
/* End PBXVariantGroup section */

/* Begin XCBuildConfiguration section */
		87C89D4D163CAF2900A39431 /* Debug */ = {
			isa = XCBuildConfiguration;
			buildSettings = {
				ALWAYS_SEARCH_USER_PATHS = NO;
				CLANG_CXX_LANGUAGE_STANDARD = "gnu++0x";
				CLANG_CXX_LIBRARY = "libc++";
				CLANG_ENABLE_OBJC_ARC = YES;
				CLANG_WARN_EMPTY_BODY = YES;
				CLANG_WARN__DUPLICATE_METHOD_MATCH = YES;
				"CODE_SIGN_IDENTITY[sdk=iphoneos*]" = "iPhone Developer";
				COPY_PHASE_STRIP = NO;
				GCC_C_LANGUAGE_STANDARD = gnu99;
				GCC_DYNAMIC_NO_PIC = NO;
				GCC_OPTIMIZATION_LEVEL = 0;
				GCC_PREPROCESSOR_DEFINITIONS = (
					"DEBUG=1",
					"$(inherited)",
				);
				GCC_SYMBOLS_PRIVATE_EXTERN = NO;
				GCC_WARN_ABOUT_RETURN_TYPE = YES;
				GCC_WARN_UNINITIALIZED_AUTOS = YES;
				GCC_WARN_UNUSED_VARIABLE = YES;
				IPHONEOS_DEPLOYMENT_TARGET = 6.0;
				ONLY_ACTIVE_ARCH = YES;
				OTHER_LDFLAGS = "-lsqlite3.0";
				SDKROOT = iphoneos;
			};
			name = Debug;
		};
		87C89D4E163CAF2900A39431 /* Release */ = {
			isa = XCBuildConfiguration;
			buildSettings = {
				ALWAYS_SEARCH_USER_PATHS = NO;
				CLANG_CXX_LANGUAGE_STANDARD = "gnu++0x";
				CLANG_CXX_LIBRARY = "libc++";
				CLANG_ENABLE_OBJC_ARC = YES;
				CLANG_WARN_EMPTY_BODY = YES;
				CLANG_WARN__DUPLICATE_METHOD_MATCH = YES;
				"CODE_SIGN_IDENTITY[sdk=iphoneos*]" = "iPhone Developer";
				COPY_PHASE_STRIP = YES;
				GCC_C_LANGUAGE_STANDARD = gnu99;
				GCC_WARN_ABOUT_RETURN_TYPE = YES;
				GCC_WARN_UNINITIALIZED_AUTOS = YES;
				GCC_WARN_UNUSED_VARIABLE = YES;
				IPHONEOS_DEPLOYMENT_TARGET = 6.0;
				OTHER_CFLAGS = "-DNS_BLOCK_ASSERTIONS=1";
				OTHER_LDFLAGS = "-lsqlite3.0";
				SDKROOT = iphoneos;
				VALIDATE_PRODUCT = YES;
			};
			name = Release;
		};
		87C89D50163CAF2900A39431 /* Debug */ = {
			isa = XCBuildConfiguration;
			buildSettings = {
				FRAMEWORK_SEARCH_PATHS = (
					"$(inherited)",
					"\"$(SRCROOT)\"",
				);
				GCC_PRECOMPILE_PREFIX_HEADER = YES;
				GCC_PREFIX_HEADER = "Questions/Questions-Prefix.pch";
				INFOPLIST_FILE = "Questions/Questions-Info.plist";
				OTHER_LDFLAGS = "-lsqlite3.0";
				PRODUCT_NAME = "$(TARGET_NAME)";
				WRAPPER_EXTENSION = app;
			};
			name = Debug;
		};
		87C89D51163CAF2900A39431 /* Release */ = {
			isa = XCBuildConfiguration;
			buildSettings = {
				FRAMEWORK_SEARCH_PATHS = (
					"$(inherited)",
					"\"$(SRCROOT)\"",
				);
				GCC_PRECOMPILE_PREFIX_HEADER = YES;
				GCC_PREFIX_HEADER = "Questions/Questions-Prefix.pch";
				INFOPLIST_FILE = "Questions/Questions-Info.plist";
				OTHER_LDFLAGS = "-lsqlite3.0";
				PRODUCT_NAME = "$(TARGET_NAME)";
				WRAPPER_EXTENSION = app;
			};
			name = Release;
		};
/* End XCBuildConfiguration section */

/* Begin XCConfigurationList section */
		87C89D25163CAF2900A39431 /* Build configuration list for PBXProject "Questions" */ = {
			isa = XCConfigurationList;
			buildConfigurations = (
				87C89D4D163CAF2900A39431 /* Debug */,
				87C89D4E163CAF2900A39431 /* Release */,
			);
			defaultConfigurationIsVisible = 0;
			defaultConfigurationName = Release;
		};
		87C89D4F163CAF2900A39431 /* Build configuration list for PBXNativeTarget "Questions" */ = {
			isa = XCConfigurationList;
			buildConfigurations = (
				87C89D50163CAF2900A39431 /* Debug */,
				87C89D51163CAF2900A39431 /* Release */,
			);
			defaultConfigurationIsVisible = 0;
			defaultConfigurationName = Release;
		};
/* End XCConfigurationList section */
	};
	rootObject = 87C89D22163CAF2900A39431 /* Project object */;
}
